{
  "name": "events",
  "version": "0.0.0",
  "lockfileVersion": 1,
  "requires": true,
  "dependencies": {
    "angularm": {
      "version": "0.4.21",
      "resolved": "https://registry.npmjs.org/angularm/-/angularm-0.4.21.tgz",
      "integrity": "sha1-7iODBFCR06Y5h/oTR/T8hBLu5Cg=",
      "requires": {
        "tsc": "1.20150623.0"
      }
    },
    "tsc": {
      "version": "1.20150623.0",
      "resolved": "https://registry.npmjs.org/tsc/-/tsc-1.20150623.0.tgz",
      "integrity": "sha1-Trw8d04WkUjLx2inNCUz8ILHpuU="
    }
  }
}
